// !$*UTF8*$!
{
	archiveVersion = 1;
	classes = {
	};
	objectVersion = 55;
	objects = {

/* Begin PBXBuildFile section */
		26F56B4F27FBEC1B0066C0D1 /* mentorteeApp.swift in Sources */ = {isa = PBXBuildFile; fileRef = 26F56B4E27FBEC1B0066C0D1 /* mentorteeApp.swift */; };
		26F56B5127FBEC1B0066C0D1 /* ContentView.swift in Sources */ = {isa = PBXBuildFile; fileRef = 26F56B5027FBEC1B0066C0D1 /* ContentView.swift */; };
		26F56B5327FBEC1E0066C0D1 /* Assets.xcassets in Resources */ = {isa = PBXBuildFile; fileRef = 26F56B5227FBEC1E0066C0D1 /* Assets.xcassets */; };
		26F56B5627FBEC1E0066C0D1 /* Preview Assets.xcassets in Resources */ = {isa = PBXBuildFile; fileRef = 26F56B5527FBEC1E0066C0D1 /* Preview Assets.xcassets */; };
		3973A06527FD272F00CDC599 /* MainView.swift in Sources */ = {isa = PBXBuildFile; fileRef = 3973A06427FD272F00CDC599 /* MainView.swift */; };
		3973A06727FD274000CDC599 /* File in Resources */ = {isa = PBXBuildFile; fileRef = 3973A06627FD274000CDC599 /* File */; };
		A9AA19BA27FC3332004ECC12 /* MainPage.swift in Sources */ = {isa = PBXBuildFile; fileRef = A9AA19B927FC3332004ECC12 /* MainPage.swift */; };
		A9AA19BC27FC33C2004ECC12 /* TapView.swift in Sources */ = {isa = PBXBuildFile; fileRef = A9AA19BB27FC33C2004ECC12 /* TapView.swift */; };
		A9AA19BE27FC3A14004ECC12 /* TopBar.swift in Sources */ = {isa = PBXBuildFile; fileRef = A9AA19BD27FC3A14004ECC12 /* TopBar.swift */; };
/* End PBXBuildFile section */

/* Begin PBXFileReference section */
		26F56B4B27FBEC1B0066C0D1 /* mentortee.app */ = {isa = PBXFileReference; explicitFileType = wrapper.application; includeInIndex = 0; path = mentortee.app; sourceTree = BUILT_PRODUCTS_DIR; };
		26F56B4E27FBEC1B0066C0D1 /* mentorteeApp.swift */ = {isa = PBXFileReference; lastKnownFileType = sourcecode.swift; path = mentorteeApp.swift; sourceTree = "<group>"; };
		26F56B5027FBEC1B0066C0D1 /* ContentView.swift */ = {isa = PBXFileReference; lastKnownFileType = sourcecode.swift; path = ContentView.swift; sourceTree = "<group>"; };
		26F56B5227FBEC1E0066C0D1 /* Assets.xcassets */ = {isa = PBXFileReference; lastKnownFileType = folder.assetcatalog; path = Assets.xcassets; sourceTree = "<group>"; };
		26F56B5527FBEC1E0066C0D1 /* Preview Assets.xcassets */ = {isa = PBXFileReference; lastKnownFileType = folder.assetcatalog; path = "Preview Assets.xcassets"; sourceTree = "<group>"; };
		3973A06427FD272F00CDC599 /* MainView.swift */ = {isa = PBXFileReference; lastKnownFileType = sourcecode.swift; path = MainView.swift; sourceTree = "<group>"; };
		3973A06627FD274000CDC599 /* File */ = {isa = PBXFileReference; lastKnownFileType = text; path = File; sourceTree = "<group>"; };
		3973A06827FD274400CDC599 /* File */ = {isa = PBXFileReference; lastKnownFileType = text; path = File; sourceTree = "<group>"; };
		3973A06927FD274500CDC599 /* File */ = {isa = PBXFileReference; lastKnownFileType = text; path = File; sourceTree = "<group>"; };
		A9AA19B927FC3332004ECC12 /* MainPage.swift */ = {isa = PBXFileReference; lastKnownFileType = sourcecode.swift; path = MainPage.swift; sourceTree = "<group>"; };
		A9AA19BB27FC33C2004ECC12 /* TapView.swift */ = {isa = PBXFileReference; lastKnownFileType = sourcecode.swift; path = TapView.swift; sourceTree = "<group>"; };
		A9AA19BD27FC3A14004ECC12 /* TopBar.swift */ = {isa = PBXFileReference; lastKnownFileType = sourcecode.swift; path = TopBar.swift; sourceTree = "<group>"; };
/* End PBXFileReference section */

/* Begin PBXFrameworksBuildPhase section */
		26F56B4827FBEC1B0066C0D1 /* Frameworks */ = {
			isa = PBXFrameworksBuildPhase;
			buildActionMask = 2147483647;
			files = (
			);
			runOnlyForDeploymentPostprocessing = 0;
		};
/* End PBXFrameworksBuildPhase section */

/* Begin PBXGroup section */
		26F56B4227FBEC1B0066C0D1 = {
			isa = PBXGroup;
			children = (
				26F56B4D27FBEC1B0066C0D1 /* mentortee */,
				26F56B4C27FBEC1B0066C0D1 /* Products */,
			);
			sourceTree = "<group>";
		};
		26F56B4C27FBEC1B0066C0D1 /* Products */ = {
			isa = PBXGroup;
			children = (
				26F56B4B27FBEC1B0066C0D1 /* mentortee.app */,
			);
			name = Products;
			sourceTree = "<group>";
		};
		26F56B4D27FBEC1B0066C0D1 /* mentortee */ = {
			isa = PBXGroup;
			children = (
				3973A05F27FD26CE00CDC599 /* Views */,
				26F56B4E27FBEC1B0066C0D1 /* mentorteeApp.swift */,
				26F56B5027FBEC1B0066C0D1 /* ContentView.swift */,
				A9AA19B827FC330A004ECC12 /* Chemi & Rookie */,
				26F56B5227FBEC1E0066C0D1 /* Assets.xcassets */,
				26F56B5427FBEC1E0066C0D1 /* Preview Content */,
			);
			path = mentortee;
			sourceTree = "<group>";
		};
		26F56B5427FBEC1E0066C0D1 /* Preview Content */ = {
			isa = PBXGroup;
			children = (
				26F56B5527FBEC1E0066C0D1 /* Preview Assets.xcassets */,
			);
			path = "Preview Content";
			sourceTree = "<group>";
		};
		3973A05F27FD26CE00CDC599 /* Views */ = {
			isa = PBXGroup;
			children = (
				3973A06327FD26F200CDC599 /* MyPageView */,
				3973A06227FD26EA00CDC599 /* QnAView */,
				3973A06127FD26DD00CDC599 /* FeedView */,
				3973A06027FD26D400CDC599 /* MainView */,
			);
			path = Views;
			sourceTree = "<group>";
		};
		3973A06027FD26D400CDC599 /* MainView */ = {
			isa = PBXGroup;
			children = (
				3973A06927FD274500CDC599 /* File */,
			);
			path = MainView;
			sourceTree = "<group>";
		};
		3973A06127FD26DD00CDC599 /* FeedView */ = {
			isa = PBXGroup;
			children = (
				3973A06827FD274400CDC599 /* File */,
			);
			path = FeedView;
			sourceTree = "<group>";
		};
		3973A06227FD26EA00CDC599 /* QnAView */ = {
			isa = PBXGroup;
			children = (
				3973A06627FD274000CDC599 /* File */,
			);
			path = QnAView;
			sourceTree = "<group>";
		};
		3973A06327FD26F200CDC599 /* MyPageView */ = {
			isa = PBXGroup;
			children = (
				3973A06427FD272F00CDC599 /* MainView.swift */,
			);
			path = MyPageView;
			sourceTree = "<group>";
		};
		A9AA19B827FC330A004ECC12 /* Chemi & Rookie */ = {
			isa = PBXGroup;
			children = (
				A9AA19B927FC3332004ECC12 /* MainPage.swift */,
				A9AA19BD27FC3A14004ECC12 /* TopBar.swift */,
				A9AA19BB27FC33C2004ECC12 /* TapView.swift */,
			);
			path = "Chemi & Rookie";
			sourceTree = "<group>";
		};
/* End PBXGroup section */

/* Begin PBXNativeTarget section */
		26F56B4A27FBEC1B0066C0D1 /* mentortee */ = {
			isa = PBXNativeTarget;
			buildConfigurationList = 26F56B5927FBEC1E0066C0D1 /* Build configuration list for PBXNativeTarget "mentortee" */;
			buildPhases = (
				26F56B4727FBEC1B0066C0D1 /* Sources */,
				26F56B4827FBEC1B0066C0D1 /* Frameworks */,
				26F56B4927FBEC1B0066C0D1 /* Resources */,
			);
			buildRules = (
			);
			dependencies = (
			);
			name = mentortee;
			productName = mentortee;
			productReference = 26F56B4B27FBEC1B0066C0D1 /* mentortee.app */;
			productType = "com.apple.product-type.application";
		};
/* End PBXNativeTarget section */

/* Begin PBXProject section */
		26F56B4327FBEC1B0066C0D1 /* Project object */ = {
			isa = PBXProject;
			attributes = {
				BuildIndependentTargetsInParallel = 1;
				LastSwiftUpdateCheck = 1330;
				LastUpgradeCheck = 1330;
				TargetAttributes = {
					26F56B4A27FBEC1B0066C0D1 = {
						CreatedOnToolsVersion = 13.3;
					};
				};
			};
			buildConfigurationList = 26F56B4627FBEC1B0066C0D1 /* Build configuration list for PBXProject "mentortee" */;
			compatibilityVersion = "Xcode 13.0";
			developmentRegion = en;
			hasScannedForEncodings = 0;
			knownRegions = (
				en,
				Base,
			);
			mainGroup = 26F56B4227FBEC1B0066C0D1;
			productRefGroup = 26F56B4C27FBEC1B0066C0D1 /* Products */;
			projectDirPath = "";
			projectRoot = "";
			targets = (
				26F56B4A27FBEC1B0066C0D1 /* mentortee */,
			);
		};
/* End PBXProject section */

/* Begin PBXResourcesBuildPhase section */
		26F56B4927FBEC1B0066C0D1 /* Resources */ = {
			isa = PBXResourcesBuildPhase;
			buildActionMask = 2147483647;
			files = (
				26F56B5627FBEC1E0066C0D1 /* Preview Assets.xcassets in Resources */,
				26F56B5327FBEC1E0066C0D1 /* Assets.xcassets in Resources */,
				3973A06727FD274000CDC599 /* File in Resources */,
			);
			runOnlyForDeploymentPostprocessing = 0;
		};
/* End PBXResourcesBuildPhase section */

/* Begin PBXSourcesBuildPhase section */
		26F56B4727FBEC1B0066C0D1 /* Sources */ = {
			isa = PBXSourcesBuildPhase;
			buildActionMask = 2147483647;
			files = (
				A9AA19BC27FC33C2004ECC12 /* TapView.swift in Sources */,
				3973A06527FD272F00CDC599 /* MainView.swift in Sources */,
				26F56B5127FBEC1B0066C0D1 /* ContentView.swift in Sources */,
				A9AA19BE27FC3A14004ECC12 /* TopBar.swift in Sources */,
				26F56B4F27FBEC1B0066C0D1 /* mentorteeApp.swift in Sources */,
				A9AA19BA27FC3332004ECC12 /* MainPage.swift in Sources */,
			);
			runOnlyForDeploymentPostprocessing = 0;
		};
/* End PBXSourcesBuildPhase section */

/* Begin XCBuildConfiguration section */
		26F56B5727FBEC1E0066C0D1 /* Debug */ = {
			isa = XCBuildConfiguration;
			buildSettings = {
				ALWAYS_SEARCH_USER_PATHS = NO;
				CLANG_ANALYZER_NONNULL = YES;
				CLANG_ANALYZER_NUMBER_OBJECT_CONVERSION = YES_AGGRESSIVE;
				CLANG_CXX_LANGUAGE_STANDARD = "gnu++17";
				CLANG_ENABLE_MODULES = YES;
				CLANG_ENABLE_OBJC_ARC = YES;
				CLANG_ENABLE_OBJC_WEAK = YES;
				CLANG_WARN_BLOCK_CAPTURE_AUTORELEASING = YES;
				CLANG_WARN_BOOL_CONVERSION = YES;
				CLANG_WARN_COMMA = YES;
				CLANG_WARN_CONSTANT_CONVERSION = YES;
				CLANG_WARN_DEPRECATED_OBJC_IMPLEMENTATIONS = YES;
				CLANG_WARN_DIRECT_OBJC_ISA_USAGE = YES_ERROR;
				CLANG_WARN_DOCUMENTATION_COMMENTS = YES;
				CLANG_WARN_EMPTY_BODY = YES;
				CLANG_WARN_ENUM_CONVERSION = YES;
				CLANG_WARN_INFINITE_RECURSION = YES;
				CLANG_WARN_INT_CONVERSION = YES;
				CLANG_WARN_NON_LITERAL_NULL_CONVERSION = YES;
				CLANG_WARN_OBJC_IMPLICIT_RETAIN_SELF = YES;
				CLANG_WARN_OBJC_LITERAL_CONVERSION = YES;
				CLANG_WARN_OBJC_ROOT_CLASS = YES_ERROR;
				CLANG_WARN_QUOTED_INCLUDE_IN_FRAMEWORK_HEADER = YES;
				CLANG_WARN_RANGE_LOOP_ANALYSIS = YES;
				CLANG_WARN_STRICT_PROTOTYPES = YES;
				CLANG_WARN_SUSPICIOUS_MOVE = YES;
				CLANG_WARN_UNGUARDED_AVAILABILITY = YES_AGGRESSIVE;
				CLANG_WARN_UNREACHABLE_CODE = YES;
				CLANG_WARN__DUPLICATE_METHOD_MATCH = YES;
				COPY_PHASE_STRIP = NO;
				DEBUG_INFORMATION_FORMAT = dwarf;
				ENABLE_STRICT_OBJC_MSGSEND = YES;
				ENABLE_TESTABILITY = YES;
				GCC_C_LANGUAGE_STANDARD = gnu11;
				GCC_DYNAMIC_NO_PIC = NO;
				GCC_NO_COMMON_BLOCKS = YES;
				GCC_OPTIMIZATION_LEVEL = 0;
				GCC_PREPROCESSOR_DEFINITIONS = (
					"DEBUG=1",
					"$(inherited)",
				);
				GCC_WARN_64_TO_32_BIT_CONVERSION = YES;
				GCC_WARN_ABOUT_RETURN_TYPE = YES_ERROR;
				GCC_WARN_UNDECLARED_SELECTOR = YES;
				GCC_WARN_UNINITIALIZED_AUTOS = YES_AGGRESSIVE;
				GCC_WARN_UNUSED_FUNCTION = YES;
				GCC_WARN_UNUSED_VARIABLE = YES;
				IPHONEOS_DEPLOYMENT_TARGET = 15.4;
				MTL_ENABLE_DEBUG_INFO = INCLUDE_SOURCE;
				MTL_FAST_MATH = YES;
				ONLY_ACTIVE_ARCH = YES;
				SDKROOT = iphoneos;
				SWIFT_ACTIVE_COMPILATION_CONDITIONS = DEBUG;
				SWIFT_OPTIMIZATION_LEVEL = "-Onone";
			};
			name = Debug;
		};
		26F56B5827FBEC1E0066C0D1 /* Release */ = {
			isa = XCBuildConfiguration;
			buildSettings = {
				ALWAYS_SEARCH_USER_PATHS = NO;
				CLANG_ANALYZER_NONNULL = YES;
				CLANG_ANALYZER_NUMBER_OBJECT_CONVERSION = YES_AGGRESSIVE;
				CLANG_CXX_LANGUAGE_STANDARD = "gnu++17";
				CLANG_ENABLE_MODULES = YES;
				CLANG_ENABLE_OBJC_ARC = YES;
				CLANG_ENABLE_OBJC_WEAK = YES;
				CLANG_WARN_BLOCK_CAPTURE_AUTORELEASING = YES;
				CLANG_WARN_BOOL_CONVERSION = YES;
				CLANG_WARN_COMMA = YES;
				CLANG_WARN_CONSTANT_CONVERSION = YES;
				CLANG_WARN_DEPRECATED_OBJC_IMPLEMENTATIONS = YES;
				CLANG_WARN_DIRECT_OBJC_ISA_USAGE = YES_ERROR;
				CLANG_WARN_DOCUMENTATION_COMMENTS = YES;
				CLANG_WARN_EMPTY_BODY = YES;
				CLANG_WARN_ENUM_CONVERSION = YES;
				CLANG_WARN_INFINITE_RECURSION = YES;
				CLANG_WARN_INT_CONVERSION = YES;
				CLANG_WARN_NON_LITERAL_NULL_CONVERSION = YES;
				CLANG_WARN_OBJC_IMPLICIT_RETAIN_SELF = YES;
				CLANG_WARN_OBJC_LITERAL_CONVERSION = YES;
				CLANG_WARN_OBJC_ROOT_CLASS = YES_ERROR;
				CLANG_WARN_QUOTED_INCLUDE_IN_FRAMEWORK_HEADER = YES;
				CLANG_WARN_RANGE_LOOP_ANALYSIS = YES;
				CLANG_WARN_STRICT_PROTOTYPES = YES;
				CLANG_WARN_SUSPICIOUS_MOVE = YES;
				CLANG_WARN_UNGUARDED_AVAILABILITY = YES_AGGRESSIVE;
				CLANG_WARN_UNREACHABLE_CODE = YES;
				CLANG_WARN__DUPLICATE_METHOD_MATCH = YES;
				COPY_PHASE_STRIP = NO;
				DEBUG_INFORMATION_FORMAT = "dwarf-with-dsym";
				ENABLE_NS_ASSERTIONS = NO;
				ENABLE_STRICT_OBJC_MSGSEND = YES;
				GCC_C_LANGUAGE_STANDARD = gnu11;
				GCC_NO_COMMON_BLOCKS = YES;
				GCC_WARN_64_TO_32_BIT_CONVERSION = YES;
				GCC_WARN_ABOUT_RETURN_TYPE = YES_ERROR;
				GCC_WARN_UNDECLARED_SELECTOR = YES;
				GCC_WARN_UNINITIALIZED_AUTOS = YES_AGGRESSIVE;
				GCC_WARN_UNUSED_FUNCTION = YES;
				GCC_WARN_UNUSED_VARIABLE = YES;
				IPHONEOS_DEPLOYMENT_TARGET = 15.4;
				MTL_ENABLE_DEBUG_INFO = NO;
				MTL_FAST_MATH = YES;
				SDKROOT = iphoneos;
				SWIFT_COMPILATION_MODE = wholemodule;
				SWIFT_OPTIMIZATION_LEVEL = "-O";
				VALIDATE_PRODUCT = YES;
			};
			name = Release;
		};
		26F56B5A27FBEC1E0066C0D1 /* Debug */ = {
			isa = XCBuildConfiguration;
			buildSettings = {
				ASSETCATALOG_COMPILER_APPICON_NAME = AppIcon;
				ASSETCATALOG_COMPILER_GLOBAL_ACCENT_COLOR_NAME = AccentColor;
				CODE_SIGN_STYLE = Automatic;
				CURRENT_PROJECT_VERSION = 1;
				DEVELOPMENT_ASSET_PATHS = "\"mentortee/Preview Content\"";
				ENABLE_PREVIEWS = YES;
				GENERATE_INFOPLIST_FILE = YES;
				INFOPLIST_KEY_UIApplicationSceneManifest_Generation = YES;
				INFOPLIST_KEY_UIApplicationSupportsIndirectInputEvents = YES;
				INFOPLIST_KEY_UILaunchScreen_Generation = YES;
				INFOPLIST_KEY_UISupportedInterfaceOrientations_iPad = "UIInterfaceOrientationPortrait UIInterfaceOrientationPortraitUpsideDown UIInterfaceOrientationLandscapeLeft UIInterfaceOrientationLandscapeRight";
				INFOPLIST_KEY_UISupportedInterfaceOrientations_iPhone = "UIInterfaceOrientationPortrait UIInterfaceOrientationLandscapeLeft UIInterfaceOrientationLandscapeRight";
				LD_RUNPATH_SEARCH_PATHS = (
					"$(inherited)",
					"@executable_path/Frameworks",
				);
				MARKETING_VERSION = 1.0;
				PRODUCT_BUNDLE_IDENTIFIER = "pw.k-r.mentortee.mentortee";
				PRODUCT_NAME = "$(TARGET_NAME)";
				SWIFT_EMIT_LOC_STRINGS = YES;
				SWIFT_VERSION = 5.0;
				TARGETED_DEVICE_FAMILY = "1,2";
			};
			name = Debug;
		};
		26F56B5B27FBEC1E0066C0D1 /* Release */ = {
			isa = XCBuildConfiguration;
			buildSettings = {
				ASSETCATALOG_COMPILER_APPICON_NAME = AppIcon;
				ASSETCATALOG_COMPILER_GLOBAL_ACCENT_COLOR_NAME = AccentColor;
				CODE_SIGN_STYLE = Automatic;
				CURRENT_PROJECT_VERSION = 1;
				DEVELOPMENT_ASSET_PATHS = "\"mentortee/Preview Content\"";
				ENABLE_PREVIEWS = YES;
				GENERATE_INFOPLIST_FILE = YES;
				INFOPLIST_KEY_UIApplicationSceneManifest_Generation = YES;
				INFOPLIST_KEY_UIApplicationSupportsIndirectInputEvents = YES;
				INFOPLIST_KEY_UILaunchScreen_Generation = YES;
				INFOPLIST_KEY_UISupportedInterfaceOrientations_iPad = "UIInterfaceOrientationPortrait UIInterfaceOrientationPortraitUpsideDown UIInterfaceOrientationLandscapeLeft UIInterfaceOrientationLandscapeRight";
				INFOPLIST_KEY_UISupportedInterfaceOrientations_iPhone = "UIInterfaceOrientationPortrait UIInterfaceOrientationLandscapeLeft UIInterfaceOrientationLandscapeRight";
				LD_RUNPATH_SEARCH_PATHS = (
					"$(inherited)",
					"@executable_path/Frameworks",
				);
				MARKETING_VERSION = 1.0;
				PRODUCT_BUNDLE_IDENTIFIER = "pw.k-r.mentortee.mentortee";
				PRODUCT_NAME = "$(TARGET_NAME)";
				SWIFT_EMIT_LOC_STRINGS = YES;
				SWIFT_VERSION = 5.0;
				TARGETED_DEVICE_FAMILY = "1,2";
			};
			name = Release;
		};
/* End XCBuildConfiguration section */

/* Begin XCConfigurationList section */
		26F56B4627FBEC1B0066C0D1 /* Build configuration list for PBXProject "mentortee" */ = {
			isa = XCConfigurationList;
			buildConfigurations = (
				26F56B5727FBEC1E0066C0D1 /* Debug */,
				26F56B5827FBEC1E0066C0D1 /* Release */,
			);
			defaultConfigurationIsVisible = 0;
			defaultConfigurationName = Release;
		};
		26F56B5927FBEC1E0066C0D1 /* Build configuration list for PBXNativeTarget "mentortee" */ = {
			isa = XCConfigurationList;
			buildConfigurations = (
				26F56B5A27FBEC1E0066C0D1 /* Debug */,
				26F56B5B27FBEC1E0066C0D1 /* Release */,
			);
			defaultConfigurationIsVisible = 0;
			defaultConfigurationName = Release;
		};
/* End XCConfigurationList section */
	};
	rootObject = 26F56B4327FBEC1B0066C0D1 /* Project object */;
}
